
Microsoft Visual Studio Solution File, Format Version 12.00
# Visual Studio Version 16
VisualStudioVersion = 16.0.31005.135
MinimumVisualStudioVersion = 10.0.40219.1
Project("{FAE04EC0-301F-11D3-BF4B-00C04F79EFBC}") = "Ejercicio 5. Dias de la Semana laboral", "Ejercicio 5. Dias de la Semana laboral.csproj", "{51752A77-9F7E-474D-BF66-9D9CE9BC7518}"
EndProject
Global
	GlobalSection(SolutionConfigurationPlatforms) = preSolution
		Debug|Any CPU = Debug|Any CPU
		Release|Any CPU = Release|Any CPU
	EndGlobalSection
	GlobalSection(ProjectConfigurationPlatforms) = postSolution
		{51752A77-9F7E-474D-BF66-9D9CE9BC7518}.Debug|Any CPU.ActiveCfg = Debug|Any CPU
		{51752A77-9F7E-474D-BF66-9D9CE9BC7518}.Debug|Any CPU.Build.0 = Debug|Any CPU
		{51752A77-9F7E-474D-BF66-9D9CE9BC7518}.Release|Any CPU.ActiveCfg = Release|Any CPU
		{51752A77-9F7E-474D-BF66-9D9CE9BC7518}.Release|Any CPU.Build.0 = Release|Any CPU
	EndGlobalSection
	GlobalSection(SolutionProperties) = preSolution
		HideSolutionNode = FALSE
	EndGlobalSection
	GlobalSection(ExtensibilityGlobals) = postSolution
		SolutionGuid = {36B97492-DC36-40A0-85B1-55EBF6FC1BFA}
	EndGlobalSection
EndGlobal
