
Microsoft Visual Studio Solution File, Format Version 12.00
# Visual Studio Version 16
VisualStudioVersion = 16.0.31019.35
MinimumVisualStudioVersion = 10.0.40219.1
Project("{FAE04EC0-301F-11D3-BF4B-00C04F79EFBC}") = "Ejercicio 4 (Día de semana)", "Ejercicio 4 (Día de semana)\Ejercicio 4 (Día de semana).csproj", "{D3D1BF1E-E09A-42CE-BCD7-FA063E900E63}"
EndProject
Global
	GlobalSection(SolutionConfigurationPlatforms) = preSolution
		Debug|Any CPU = Debug|Any CPU
		Release|Any CPU = Release|Any CPU
	EndGlobalSection
	GlobalSection(ProjectConfigurationPlatforms) = postSolution
		{D3D1BF1E-E09A-42CE-BCD7-FA063E900E63}.Debug|Any CPU.ActiveCfg = Debug|Any CPU
		{D3D1BF1E-E09A-42CE-BCD7-FA063E900E63}.Debug|Any CPU.Build.0 = Debug|Any CPU
		{D3D1BF1E-E09A-42CE-BCD7-FA063E900E63}.Release|Any CPU.ActiveCfg = Release|Any CPU
		{D3D1BF1E-E09A-42CE-BCD7-FA063E900E63}.Release|Any CPU.Build.0 = Release|Any CPU
	EndGlobalSection
	GlobalSection(SolutionProperties) = preSolution
		HideSolutionNode = FALSE
	EndGlobalSection
	GlobalSection(ExtensibilityGlobals) = postSolution
		SolutionGuid = {3296EDFE-B38B-4EDC-9D00-12DD814CFDFA}
	EndGlobalSection
EndGlobal
