
Microsoft Visual Studio Solution File, Format Version 12.00
# Visual Studio Version 16
VisualStudioVersion = 16.0.31019.35
MinimumVisualStudioVersion = 10.0.40219.1
Project("{FAE04EC0-301F-11D3-BF4B-00C04F79EFBC}") = "Ejercicio 3 (calcule el impuesto)", "Ejercicio 3 (calcule el impuesto)\Ejercicio 3 (calcule el impuesto).csproj", "{186106CE-46AF-419E-B575-B91D1A6783A7}"
EndProject
Global
	GlobalSection(SolutionConfigurationPlatforms) = preSolution
		Debug|Any CPU = Debug|Any CPU
		Release|Any CPU = Release|Any CPU
	EndGlobalSection
	GlobalSection(ProjectConfigurationPlatforms) = postSolution
		{186106CE-46AF-419E-B575-B91D1A6783A7}.Debug|Any CPU.ActiveCfg = Debug|Any CPU
		{186106CE-46AF-419E-B575-B91D1A6783A7}.Debug|Any CPU.Build.0 = Debug|Any CPU
		{186106CE-46AF-419E-B575-B91D1A6783A7}.Release|Any CPU.ActiveCfg = Release|Any CPU
		{186106CE-46AF-419E-B575-B91D1A6783A7}.Release|Any CPU.Build.0 = Release|Any CPU
	EndGlobalSection
	GlobalSection(SolutionProperties) = preSolution
		HideSolutionNode = FALSE
	EndGlobalSection
	GlobalSection(ExtensibilityGlobals) = postSolution
		SolutionGuid = {80A7CC8D-FF72-4553-8349-E1EB410221D3}
	EndGlobalSection
EndGlobal
