
Microsoft Visual Studio Solution File, Format Version 12.00
# Visual Studio Version 16
VisualStudioVersion = 16.0.31019.35
MinimumVisualStudioVersion = 10.0.40219.1
Project("{FAE04EC0-301F-11D3-BF4B-00C04F79EFBC}") = "Ejercicio 4 (Buscador numero primos)", "Ejercicio 4 (Buscador numero primos)\Ejercicio 4 (Buscador numero primos).csproj", "{FA7BE12F-4C62-4ECF-98B3-D178EDAF667B}"
EndProject
Global
	GlobalSection(SolutionConfigurationPlatforms) = preSolution
		Debug|Any CPU = Debug|Any CPU
		Release|Any CPU = Release|Any CPU
	EndGlobalSection
	GlobalSection(ProjectConfigurationPlatforms) = postSolution
		{FA7BE12F-4C62-4ECF-98B3-D178EDAF667B}.Debug|Any CPU.ActiveCfg = Debug|Any CPU
		{FA7BE12F-4C62-4ECF-98B3-D178EDAF667B}.Debug|Any CPU.Build.0 = Debug|Any CPU
		{FA7BE12F-4C62-4ECF-98B3-D178EDAF667B}.Release|Any CPU.ActiveCfg = Release|Any CPU
		{FA7BE12F-4C62-4ECF-98B3-D178EDAF667B}.Release|Any CPU.Build.0 = Release|Any CPU
	EndGlobalSection
	GlobalSection(SolutionProperties) = preSolution
		HideSolutionNode = FALSE
	EndGlobalSection
	GlobalSection(ExtensibilityGlobals) = postSolution
		SolutionGuid = {84BE04BD-511B-4386-A2FF-18B258228919}
	EndGlobalSection
EndGlobal
