
Microsoft Visual Studio Solution File, Format Version 12.00
# Visual Studio Version 16
VisualStudioVersion = 16.0.31005.135
MinimumVisualStudioVersion = 10.0.40219.1
Project("{FAE04EC0-301F-11D3-BF4B-00C04F79EFBC}") = "Ejer.3_Obrero", "Ejer.3_Obrero.csproj", "{BFA2145B-F92E-4530-B7D9-1D4847FEF929}"
EndProject
Global
	GlobalSection(SolutionConfigurationPlatforms) = preSolution
		Debug|Any CPU = Debug|Any CPU
		Release|Any CPU = Release|Any CPU
	EndGlobalSection
	GlobalSection(ProjectConfigurationPlatforms) = postSolution
		{BFA2145B-F92E-4530-B7D9-1D4847FEF929}.Debug|Any CPU.ActiveCfg = Debug|Any CPU
		{BFA2145B-F92E-4530-B7D9-1D4847FEF929}.Debug|Any CPU.Build.0 = Debug|Any CPU
		{BFA2145B-F92E-4530-B7D9-1D4847FEF929}.Release|Any CPU.ActiveCfg = Release|Any CPU
		{BFA2145B-F92E-4530-B7D9-1D4847FEF929}.Release|Any CPU.Build.0 = Release|Any CPU
	EndGlobalSection
	GlobalSection(SolutionProperties) = preSolution
		HideSolutionNode = FALSE
	EndGlobalSection
	GlobalSection(ExtensibilityGlobals) = postSolution
		SolutionGuid = {E111505B-9F48-4C34-886E-BCF259AB14FC}
	EndGlobalSection
EndGlobal
