
Microsoft Visual Studio Solution File, Format Version 12.00
# Visual Studio Version 16
VisualStudioVersion = 16.0.31019.35
MinimumVisualStudioVersion = 10.0.40219.1
Project("{FAE04EC0-301F-11D3-BF4B-00C04F79EFBC}") = "Ejercicio 3 Explicar", "Ejercicio 3 Explicar\Ejercicio 3 Explicar.csproj", "{28EFBB2B-F1B2-4B3E-AAFC-DAEADC99D98F}"
EndProject
Global
	GlobalSection(SolutionConfigurationPlatforms) = preSolution
		Debug|Any CPU = Debug|Any CPU
		Release|Any CPU = Release|Any CPU
	EndGlobalSection
	GlobalSection(ProjectConfigurationPlatforms) = postSolution
		{28EFBB2B-F1B2-4B3E-AAFC-DAEADC99D98F}.Debug|Any CPU.ActiveCfg = Debug|Any CPU
		{28EFBB2B-F1B2-4B3E-AAFC-DAEADC99D98F}.Debug|Any CPU.Build.0 = Debug|Any CPU
		{28EFBB2B-F1B2-4B3E-AAFC-DAEADC99D98F}.Release|Any CPU.ActiveCfg = Release|Any CPU
		{28EFBB2B-F1B2-4B3E-AAFC-DAEADC99D98F}.Release|Any CPU.Build.0 = Release|Any CPU
	EndGlobalSection
	GlobalSection(SolutionProperties) = preSolution
		HideSolutionNode = FALSE
	EndGlobalSection
	GlobalSection(ExtensibilityGlobals) = postSolution
		SolutionGuid = {12E4CFBF-E615-40C4-AB3B-E6AF9A32049F}
	EndGlobalSection
EndGlobal
